# This file is automatically @generated by Cargo.
# It is not intended for manual editing.
version = 4

[[package]]
name = "breadx"
version = "0.1.0"

[[package]]
name = "gdk4_x11"
version = "0.1.0"

[[package]]
name = "hyperde_shell"
version = "0.2.0"
dependencies = [
 "breadx",
 "gdk4_x11",
 "mlua",
 "x11_overlay",
]

[[package]]
name = "mlua"
version = "0.1.0"

[[package]]
name = "x11_overlay"
version = "0.1.0"
